
Microsoft Visual Studio Solution File, Format Version 12.00
# Visual Studio Version 17
VisualStudioVersion = 17.0.31919.166
MinimumVisualStudioVersion = 10.0.40219.1
Project("{FAE04EC0-301F-11D3-BF4B-00C04F79EFBC}") = "aufgabe-09a", "aufgabe-09a\aufgabe-09a.csproj", "{1F8DFE94-9DD5-4CA6-B8EA-81593395F24A}"
EndProject
Global
	GlobalSection(SolutionConfigurationPlatforms) = preSolution
		Debug|Any CPU = Debug|Any CPU
		Release|Any CPU = Release|Any CPU
	EndGlobalSection
	GlobalSection(ProjectConfigurationPlatforms) = postSolution
		{1F8DFE94-9DD5-4CA6-B8EA-81593395F24A}.Debug|Any CPU.ActiveCfg = Debug|Any CPU
		{1F8DFE94-9DD5-4CA6-B8EA-81593395F24A}.Debug|Any CPU.Build.0 = Debug|Any CPU
		{1F8DFE94-9DD5-4CA6-B8EA-81593395F24A}.Release|Any CPU.ActiveCfg = Release|Any CPU
		{1F8DFE94-9DD5-4CA6-B8EA-81593395F24A}.Release|Any CPU.Build.0 = Release|Any CPU
	EndGlobalSection
	GlobalSection(SolutionProperties) = preSolution
		HideSolutionNode = FALSE
	EndGlobalSection
	GlobalSection(ExtensibilityGlobals) = postSolution
		SolutionGuid = {81E76023-235A-4682-B9F2-EE2FD4E042BC}
	EndGlobalSection
EndGlobal
