
Microsoft Visual Studio Solution File, Format Version 12.00
# Visual Studio Version 17
VisualStudioVersion = 17.0.31919.166
MinimumVisualStudioVersion = 10.0.40219.1
Project("{FAE04EC0-301F-11D3-BF4B-00C04F79EFBC}") = "aufgabe-04", "aufgabe-04\aufgabe-04.csproj", "{28995E90-3FCE-44D2-AA1C-980D77C49EFB}"
EndProject
Global
	GlobalSection(SolutionConfigurationPlatforms) = preSolution
		Debug|Any CPU = Debug|Any CPU
		Release|Any CPU = Release|Any CPU
	EndGlobalSection
	GlobalSection(ProjectConfigurationPlatforms) = postSolution
		{28995E90-3FCE-44D2-AA1C-980D77C49EFB}.Debug|Any CPU.ActiveCfg = Debug|Any CPU
		{28995E90-3FCE-44D2-AA1C-980D77C49EFB}.Debug|Any CPU.Build.0 = Debug|Any CPU
		{28995E90-3FCE-44D2-AA1C-980D77C49EFB}.Release|Any CPU.ActiveCfg = Release|Any CPU
		{28995E90-3FCE-44D2-AA1C-980D77C49EFB}.Release|Any CPU.Build.0 = Release|Any CPU
	EndGlobalSection
	GlobalSection(SolutionProperties) = preSolution
		HideSolutionNode = FALSE
	EndGlobalSection
	GlobalSection(ExtensibilityGlobals) = postSolution
		SolutionGuid = {0B67068A-53FA-434C-BB4A-C2E42818030D}
	EndGlobalSection
EndGlobal
