
Microsoft Visual Studio Solution File, Format Version 12.00
# Visual Studio Version 17
VisualStudioVersion = 17.0.31919.166
MinimumVisualStudioVersion = 10.0.40219.1
Project("{FAE04EC0-301F-11D3-BF4B-00C04F79EFBC}") = "aufgabe-10", "aufgabe-10\aufgabe-10.csproj", "{11102799-6E9D-449B-8982-1AB2BF9CCBA1}"
EndProject
Global
	GlobalSection(SolutionConfigurationPlatforms) = preSolution
		Debug|Any CPU = Debug|Any CPU
		Release|Any CPU = Release|Any CPU
	EndGlobalSection
	GlobalSection(ProjectConfigurationPlatforms) = postSolution
		{11102799-6E9D-449B-8982-1AB2BF9CCBA1}.Debug|Any CPU.ActiveCfg = Debug|Any CPU
		{11102799-6E9D-449B-8982-1AB2BF9CCBA1}.Debug|Any CPU.Build.0 = Debug|Any CPU
		{11102799-6E9D-449B-8982-1AB2BF9CCBA1}.Release|Any CPU.ActiveCfg = Release|Any CPU
		{11102799-6E9D-449B-8982-1AB2BF9CCBA1}.Release|Any CPU.Build.0 = Release|Any CPU
	EndGlobalSection
	GlobalSection(SolutionProperties) = preSolution
		HideSolutionNode = FALSE
	EndGlobalSection
	GlobalSection(ExtensibilityGlobals) = postSolution
		SolutionGuid = {E4546858-E5A3-4542-9734-DA7D5CF22147}
	EndGlobalSection
EndGlobal
