
Microsoft Visual Studio Solution File, Format Version 12.00
# Visual Studio Version 17
VisualStudioVersion = 17.0.31919.166
MinimumVisualStudioVersion = 10.0.40219.1
Project("{FAE04EC0-301F-11D3-BF4B-00C04F79EFBC}") = "aufgabe-12", "aufgabe-12\aufgabe-12.csproj", "{15633986-A03C-4D1E-BAC0-76F258B0A8F1}"
EndProject
Global
	GlobalSection(SolutionConfigurationPlatforms) = preSolution
		Debug|Any CPU = Debug|Any CPU
		Release|Any CPU = Release|Any CPU
	EndGlobalSection
	GlobalSection(ProjectConfigurationPlatforms) = postSolution
		{15633986-A03C-4D1E-BAC0-76F258B0A8F1}.Debug|Any CPU.ActiveCfg = Debug|Any CPU
		{15633986-A03C-4D1E-BAC0-76F258B0A8F1}.Debug|Any CPU.Build.0 = Debug|Any CPU
		{15633986-A03C-4D1E-BAC0-76F258B0A8F1}.Release|Any CPU.ActiveCfg = Release|Any CPU
		{15633986-A03C-4D1E-BAC0-76F258B0A8F1}.Release|Any CPU.Build.0 = Release|Any CPU
	EndGlobalSection
	GlobalSection(SolutionProperties) = preSolution
		HideSolutionNode = FALSE
	EndGlobalSection
	GlobalSection(ExtensibilityGlobals) = postSolution
		SolutionGuid = {365D1368-3FB3-4662-8A2D-B95B056BF132}
	EndGlobalSection
EndGlobal
