
Microsoft Visual Studio Solution File, Format Version 12.00
# Visual Studio Version 17
VisualStudioVersion = 17.0.31919.166
MinimumVisualStudioVersion = 10.0.40219.1
Project("{FAE04EC0-301F-11D3-BF4B-00C04F79EFBC}") = "aufgabe-02", "aufgabe-02\aufgabe-02.csproj", "{7129F76C-A4D6-467D-9C7A-CC9DBE6C5FA3}"
EndProject
Global
	GlobalSection(SolutionConfigurationPlatforms) = preSolution
		Debug|Any CPU = Debug|Any CPU
		Release|Any CPU = Release|Any CPU
	EndGlobalSection
	GlobalSection(ProjectConfigurationPlatforms) = postSolution
		{7129F76C-A4D6-467D-9C7A-CC9DBE6C5FA3}.Debug|Any CPU.ActiveCfg = Debug|Any CPU
		{7129F76C-A4D6-467D-9C7A-CC9DBE6C5FA3}.Debug|Any CPU.Build.0 = Debug|Any CPU
		{7129F76C-A4D6-467D-9C7A-CC9DBE6C5FA3}.Release|Any CPU.ActiveCfg = Release|Any CPU
		{7129F76C-A4D6-467D-9C7A-CC9DBE6C5FA3}.Release|Any CPU.Build.0 = Release|Any CPU
	EndGlobalSection
	GlobalSection(SolutionProperties) = preSolution
		HideSolutionNode = FALSE
	EndGlobalSection
	GlobalSection(ExtensibilityGlobals) = postSolution
		SolutionGuid = {B1640ED4-919E-4719-A869-525A0F296B17}
	EndGlobalSection
EndGlobal
